{
  "name": "all-class",
  "version": "0.0.2",
  "lockfileVersion": 2,
  "requires": true,
  "packages": {
    "": {
      "name": "all-class",
      "version": "0.0.2",
      "license": "MIT",
      "dependencies": {
        "trim-all": "^1.0.2"
      }
    },
    "node_modules/trim-all": {
      "version": "1.0.2",
      "resolved": "https://registry.npmjs.org/trim-all/-/trim-all-1.0.2.tgz",
      "integrity": "sha512-XMWvvRECvK3p4smz8KjsSH+1PO+C/zvSyfqwJbhxKzxsEMkm5Xyc9hTGkIYpslTjA6tufm9ch2+xuDqke+ZKgQ=="
    }
  },
  "dependencies": {
    "trim-all": {
      "version": "1.0.2",
      "resolved": "https://registry.npmjs.org/trim-all/-/trim-all-1.0.2.tgz",
      "integrity": "sha512-XMWvvRECvK3p4smz8KjsSH+1PO+C/zvSyfqwJbhxKzxsEMkm5Xyc9hTGkIYpslTjA6tufm9ch2+xuDqke+ZKgQ=="
    }
  }
}
